
Microsoft Visual Studio Solution File, Format Version 12.00
# Visual Studio Version 17
VisualStudioVersion = 17.0.31903.59
MinimumVisualStudioVersion = 10.0.40219.1
Project("{F184B08F-C81C-45F6-A57F-5ABD9991F28F}") = "GestionClientes.Entidades", "GestionClientes.Entidades\GestionClientes.Entidades.vbproj", "{A9A2911E-8A9C-4576-9F7A-393D58DE557F}"
EndProject
Project("{F184B08F-C81C-45F6-A57F-5ABD9991F28F}") = "GestionClientes.Pruebas", "GestionClientes.Pruebas\GestionClientes.Pruebas.vbproj", "{DB00971B-199E-47E9-94AD-42DD454E2844}"
EndProject
Project("{F184B08F-C81C-45F6-A57F-5ABD9991F28F}") = "GestionClientes.Negocio", "GestionClientes.Negocio\GestionClientes.Negocio.vbproj", "{CEC3BE0B-C8F6-44CF-B309-A15B43738250}"
EndProject
Project("{F184B08F-C81C-45F6-A57F-5ABD9991F28F}") = "GestionClientes.Datos", "GestionClientes.Datos\GestionClientes.Datos.vbproj", "{6BFE9B35-CE8D-41AE-B309-3F296AA90302}"
EndProject
Project("{F184B08F-C81C-45F6-A57F-5ABD9991F28F}") = "GestionClientes.Web", "GestionClientes.Web\GestionClientes.Web.vbproj", "{8B3F2C41-6D5A-4E27-9A18-5C7D93B41E02}"
EndProject
Global
	GlobalSection(SolutionConfigurationPlatforms) = preSolution
		Debug|Any CPU = Debug|Any CPU
		Debug|x64 = Debug|x64
		Debug|x86 = Debug|x86
		Release|Any CPU = Release|Any CPU
		Release|x64 = Release|x64
		Release|x86 = Release|x86
	EndGlobalSection
	GlobalSection(ProjectConfigurationPlatforms) = postSolution
		{A9A2911E-8A9C-4576-9F7A-393D58DE557F}.Debug|Any CPU.ActiveCfg = Debug|Any CPU
		{A9A2911E-8A9C-4576-9F7A-393D58DE557F}.Debug|Any CPU.Build.0 = Debug|Any CPU
		{A9A2911E-8A9C-4576-9F7A-393D58DE557F}.Debug|x64.ActiveCfg = Debug|Any CPU
		{A9A2911E-8A9C-4576-9F7A-393D58DE557F}.Debug|x64.Build.0 = Debug|Any CPU
		{A9A2911E-8A9C-4576-9F7A-393D58DE557F}.Debug|x86.ActiveCfg = Debug|Any CPU
		{A9A2911E-8A9C-4576-9F7A-393D58DE557F}.Debug|x86.Build.0 = Debug|Any CPU
		{A9A2911E-8A9C-4576-9F7A-393D58DE557F}.Release|Any CPU.ActiveCfg = Release|Any CPU
		{A9A2911E-8A9C-4576-9F7A-393D58DE557F}.Release|Any CPU.Build.0 = Release|Any CPU
		{A9A2911E-8A9C-4576-9F7A-393D58DE557F}.Release|x64.ActiveCfg = Release|Any CPU
		{A9A2911E-8A9C-4576-9F7A-393D58DE557F}.Release|x64.Build.0 = Release|Any CPU
		{A9A2911E-8A9C-4576-9F7A-393D58DE557F}.Release|x86.ActiveCfg = Release|Any CPU
		{A9A2911E-8A9C-4576-9F7A-393D58DE557F}.Release|x86.Build.0 = Release|Any CPU
		{DB00971B-199E-47E9-94AD-42DD454E2844}.Debug|Any CPU.ActiveCfg = Debug|Any CPU
		{DB00971B-199E-47E9-94AD-42DD454E2844}.Debug|Any CPU.Build.0 = Debug|Any CPU
		{DB00971B-199E-47E9-94AD-42DD454E2844}.Debug|x64.ActiveCfg = Debug|Any CPU
		{DB00971B-199E-47E9-94AD-42DD454E2844}.Debug|x64.Build.0 = Debug|Any CPU
		{DB00971B-199E-47E9-94AD-42DD454E2844}.Debug|x86.ActiveCfg = Debug|Any CPU
		{DB00971B-199E-47E9-94AD-42DD454E2844}.Debug|x86.Build.0 = Debug|Any CPU
		{DB00971B-199E-47E9-94AD-42DD454E2844}.Release|Any CPU.ActiveCfg = Release|Any CPU
		{DB00971B-199E-47E9-94AD-42DD454E2844}.Release|Any CPU.Build.0 = Release|Any CPU
		{DB00971B-199E-47E9-94AD-42DD454E2844}.Release|x64.ActiveCfg = Release|Any CPU
		{DB00971B-199E-47E9-94AD-42DD454E2844}.Release|x64.Build.0 = Release|Any CPU
		{DB00971B-199E-47E9-94AD-42DD454E2844}.Release|x86.ActiveCfg = Release|Any CPU
		{DB00971B-199E-47E9-94AD-42DD454E2844}.Release|x86.Build.0 = Release|Any CPU
		{CEC3BE0B-C8F6-44CF-B309-A15B43738250}.Debug|Any CPU.ActiveCfg = Debug|Any CPU
		{CEC3BE0B-C8F6-44CF-B309-A15B43738250}.Debug|Any CPU.Build.0 = Debug|Any CPU
		{CEC3BE0B-C8F6-44CF-B309-A15B43738250}.Debug|x64.ActiveCfg = Debug|Any CPU
		{CEC3BE0B-C8F6-44CF-B309-A15B43738250}.Debug|x64.Build.0 = Debug|Any CPU
		{CEC3BE0B-C8F6-44CF-B309-A15B43738250}.Debug|x86.ActiveCfg = Debug|Any CPU
		{CEC3BE0B-C8F6-44CF-B309-A15B43738250}.Debug|x86.Build.0 = Debug|Any CPU
		{CEC3BE0B-C8F6-44CF-B309-A15B43738250}.Release|Any CPU.ActiveCfg = Release|Any CPU
		{CEC3BE0B-C8F6-44CF-B309-A15B43738250}.Release|Any CPU.Build.0 = Release|Any CPU
		{CEC3BE0B-C8F6-44CF-B309-A15B43738250}.Release|x64.ActiveCfg = Release|Any CPU
		{CEC3BE0B-C8F6-44CF-B309-A15B43738250}.Release|x64.Build.0 = Release|Any CPU
		{CEC3BE0B-C8F6-44CF-B309-A15B43738250}.Release|x86.ActiveCfg = Release|Any CPU
		{CEC3BE0B-C8F6-44CF-B309-A15B43738250}.Release|x86.Build.0 = Release|Any CPU
		{6BFE9B35-CE8D-41AE-B309-3F296AA90302}.Debug|Any CPU.ActiveCfg = Debug|Any CPU
		{6BFE9B35-CE8D-41AE-B309-3F296AA90302}.Debug|Any CPU.Build.0 = Debug|Any CPU
		{6BFE9B35-CE8D-41AE-B309-3F296AA90302}.Debug|x64.ActiveCfg = Debug|Any CPU
		{6BFE9B35-CE8D-41AE-B309-3F296AA90302}.Debug|x64.Build.0 = Debug|Any CPU
		{6BFE9B35-CE8D-41AE-B309-3F296AA90302}.Debug|x86.ActiveCfg = Debug|Any CPU
		{6BFE9B35-CE8D-41AE-B309-3F296AA90302}.Debug|x86.Build.0 = Debug|Any CPU
		{6BFE9B35-CE8D-41AE-B309-3F296AA90302}.Release|Any CPU.ActiveCfg = Release|Any CPU
		{6BFE9B35-CE8D-41AE-B309-3F296AA90302}.Release|Any CPU.Build.0 = Release|Any CPU
		{6BFE9B35-CE8D-41AE-B309-3F296AA90302}.Release|x64.ActiveCfg = Release|Any CPU
		{6BFE9B35-CE8D-41AE-B309-3F296AA90302}.Release|x64.Build.0 = Release|Any CPU
		{6BFE9B35-CE8D-41AE-B309-3F296AA90302}.Release|x86.ActiveCfg = Release|Any CPU
		{6BFE9B35-CE8D-41AE-B309-3F296AA90302}.Release|x86.Build.0 = Release|Any CPU
		{8B3F2C41-6D5A-4E27-9A18-5C7D93B41E02}.Debug|Any CPU.ActiveCfg = Debug|Any CPU
		{8B3F2C41-6D5A-4E27-9A18-5C7D93B41E02}.Debug|Any CPU.Build.0 = Debug|Any CPU
		{8B3F2C41-6D5A-4E27-9A18-5C7D93B41E02}.Debug|x64.ActiveCfg = Debug|Any CPU
		{8B3F2C41-6D5A-4E27-9A18-5C7D93B41E02}.Debug|x64.Build.0 = Debug|Any CPU
		{8B3F2C41-6D5A-4E27-9A18-5C7D93B41E02}.Debug|x86.ActiveCfg = Debug|Any CPU
		{8B3F2C41-6D5A-4E27-9A18-5C7D93B41E02}.Debug|x86.Build.0 = Debug|Any CPU
		{8B3F2C41-6D5A-4E27-9A18-5C7D93B41E02}.Release|Any CPU.ActiveCfg = Release|Any CPU
		{8B3F2C41-6D5A-4E27-9A18-5C7D93B41E02}.Release|Any CPU.Build.0 = Release|Any CPU
		{8B3F2C41-6D5A-4E27-9A18-5C7D93B41E02}.Release|x64.ActiveCfg = Release|Any CPU
		{8B3F2C41-6D5A-4E27-9A18-5C7D93B41E02}.Release|x64.Build.0 = Release|Any CPU
		{8B3F2C41-6D5A-4E27-9A18-5C7D93B41E02}.Release|x86.ActiveCfg = Release|Any CPU
		{8B3F2C41-6D5A-4E27-9A18-5C7D93B41E02}.Release|x86.Build.0 = Release|Any CPU
	EndGlobalSection
	GlobalSection(SolutionProperties) = preSolution
		HideSolutionNode = FALSE
	EndGlobalSection
EndGlobal
